
Microsoft Visual Studio Solution File, Format Version 12.00
# Visual Studio Version 17
VisualStudioVersion = 17.14.36203.30 d17.14
MinimumVisualStudioVersion = 10.0.40219.1
Project("{FAE04EC0-301F-11D3-BF4B-00C04F79EFBC}") = "dumm1", "dumm1\dumm1.csproj", "{AF3DEB2A-C1FF-4137-BB75-2188F532900D}"
EndProject
Global
	GlobalSection(SolutionConfigurationPlatforms) = preSolution
		Debug|Any CPU = Debug|Any CPU
		Release|Any CPU = Release|Any CPU
	EndGlobalSection
	GlobalSection(ProjectConfigurationPlatforms) = postSolution
		{AF3DEB2A-C1FF-4137-BB75-2188F532900D}.Debug|Any CPU.ActiveCfg = Debug|Any CPU
		{AF3DEB2A-C1FF-4137-BB75-2188F532900D}.Debug|Any CPU.Build.0 = Debug|Any CPU
		{AF3DEB2A-C1FF-4137-BB75-2188F532900D}.Release|Any CPU.ActiveCfg = Release|Any CPU
		{AF3DEB2A-C1FF-4137-BB75-2188F532900D}.Release|Any CPU.Build.0 = Release|Any CPU
	EndGlobalSection
	GlobalSection(SolutionProperties) = preSolution
		HideSolutionNode = FALSE
	EndGlobalSection
	GlobalSection(ExtensibilityGlobals) = postSolution
		SolutionGuid = {29C06A7D-6A0C-404F-AC60-59F24BCE64D6}
	EndGlobalSection
EndGlobal
